{
  "version": 4,
  "terraform_version": "1.5.5",
  "serial": 1,
  "lineage": "fd023694-b031-50f7-737d-f6ae64aabba1",
  "outputs": {},
  "resources": [
    {
      "mode": "managed",
      "type": "newrelic_alert_policy",
      "name": "Ravi-1",
      "provider": "provider[\"registry.terraform.io/newrelic/newrelic\"]",
      "instances": [
        {
          "schema_version": 0,
          "attributes": {
            "account_id": 4267294,
            "channel_ids": null,
            "id": "4991308",
            "incident_preference": "PER_POLICY",
            "name": " Ravi-1"
          },
          "sensitive_attributes": [],
          "private": "eyJzY2hlbWFfdmVyc2lvbiI6IjAifQ=="
        }
      ]
    }
  ],
  "check_results": null
}
